
Microsoft Visual Studio Solution File, Format Version 12.00
# Visual Studio Version 16
VisualStudioVersion = 16.0.30717.126
MinimumVisualStudioVersion = 10.0.40219.1
Project("{FAE04EC0-301F-11D3-BF4B-00C04F79EFBC}") = "Advanced-Api", "Advanced-Api.csproj", "{1169090E-3AE1-41F4-A98D-00A553085D2E}"
EndProject
Global
	GlobalSection(SolutionConfigurationPlatforms) = preSolution
		Debug|Any CPU = Debug|Any CPU
		Release|Any CPU = Release|Any CPU
	EndGlobalSection
	GlobalSection(ProjectConfigurationPlatforms) = postSolution
		{1169090E-3AE1-41F4-A98D-00A553085D2E}.Debug|Any CPU.ActiveCfg = Debug|Any CPU
		{1169090E-3AE1-41F4-A98D-00A553085D2E}.Debug|Any CPU.Build.0 = Debug|Any CPU
		{1169090E-3AE1-41F4-A98D-00A553085D2E}.Release|Any CPU.ActiveCfg = Release|Any CPU
		{1169090E-3AE1-41F4-A98D-00A553085D2E}.Release|Any CPU.Build.0 = Release|Any CPU
	EndGlobalSection
	GlobalSection(SolutionProperties) = preSolution
		HideSolutionNode = FALSE
	EndGlobalSection
	GlobalSection(ExtensibilityGlobals) = postSolution
		SolutionGuid = {9AC92868-6252-4159-A9F9-8D9AA2C49D51}
	EndGlobalSection
EndGlobal
